
Microsoft Visual Studio Solution File, Format Version 12.00
# Visual Studio 15
VisualStudioVersion = 15.0.28307.572
MinimumVisualStudioVersion = 10.0.40219.1
Project("{8BC9CEB8-8B4A-11D0-8D11-00A0C91BC942}") = "기초프로젝트최종", "기초프로젝트최종\기초프로젝트최종.vcxproj", "{14447FD7-9E27-40A1-9C45-AA02BF61BF19}"
EndProject
Global
	GlobalSection(SolutionConfigurationPlatforms) = preSolution
		Debug|x64 = Debug|x64
		Debug|x86 = Debug|x86
		Release|x64 = Release|x64
		Release|x86 = Release|x86
	EndGlobalSection
	GlobalSection(ProjectConfigurationPlatforms) = postSolution
		{14447FD7-9E27-40A1-9C45-AA02BF61BF19}.Debug|x64.ActiveCfg = Debug|x64
		{14447FD7-9E27-40A1-9C45-AA02BF61BF19}.Debug|x64.Build.0 = Debug|x64
		{14447FD7-9E27-40A1-9C45-AA02BF61BF19}.Debug|x86.ActiveCfg = Debug|Win32
		{14447FD7-9E27-40A1-9C45-AA02BF61BF19}.Debug|x86.Build.0 = Debug|Win32
		{14447FD7-9E27-40A1-9C45-AA02BF61BF19}.Release|x64.ActiveCfg = Release|x64
		{14447FD7-9E27-40A1-9C45-AA02BF61BF19}.Release|x64.Build.0 = Release|x64
		{14447FD7-9E27-40A1-9C45-AA02BF61BF19}.Release|x86.ActiveCfg = Release|Win32
		{14447FD7-9E27-40A1-9C45-AA02BF61BF19}.Release|x86.Build.0 = Release|Win32
	EndGlobalSection
	GlobalSection(SolutionProperties) = preSolution
		HideSolutionNode = FALSE
	EndGlobalSection
	GlobalSection(ExtensibilityGlobals) = postSolution
		SolutionGuid = {19F91F34-E6C7-4861-A3DB-5705EC2C2123}
	EndGlobalSection
EndGlobal
